
Microsoft Visual Studio Solution File, Format Version 12.00
# Visual Studio 15
VisualStudioVersion = 15.0.27428.2005
MinimumVisualStudioVersion = 10.0.40219.1
Project("{8BC9CEB8-8B4A-11D0-8D11-00A0C91BC942}") = "Client", "Client\Client.vcxproj", "{F7952F72-EBD6-462F-BB49-D43E03A3D5C1}"
EndProject
Project("{8BC9CEB8-8B4A-11D0-8D11-00A0C91BC942}") = "Server", "Server\Server.vcxproj", "{8EBC12BE-3AD8-406F-91FA-20C298D4D6B8}"
EndProject
Global
	GlobalSection(SolutionConfigurationPlatforms) = preSolution
		Debug|x64 = Debug|x64
		Debug|x86 = Debug|x86
		Release|x64 = Release|x64
		Release|x86 = Release|x86
	EndGlobalSection
	GlobalSection(ProjectConfigurationPlatforms) = postSolution
		{F7952F72-EBD6-462F-BB49-D43E03A3D5C1}.Debug|x64.ActiveCfg = Debug|x64
		{F7952F72-EBD6-462F-BB49-D43E03A3D5C1}.Debug|x64.Build.0 = Debug|x64
		{F7952F72-EBD6-462F-BB49-D43E03A3D5C1}.Debug|x86.ActiveCfg = Debug|Win32
		{F7952F72-EBD6-462F-BB49-D43E03A3D5C1}.Debug|x86.Build.0 = Debug|Win32
		{F7952F72-EBD6-462F-BB49-D43E03A3D5C1}.Release|x64.ActiveCfg = Release|x64
		{F7952F72-EBD6-462F-BB49-D43E03A3D5C1}.Release|x64.Build.0 = Release|x64
		{F7952F72-EBD6-462F-BB49-D43E03A3D5C1}.Release|x86.ActiveCfg = Release|Win32
		{F7952F72-EBD6-462F-BB49-D43E03A3D5C1}.Release|x86.Build.0 = Release|Win32
		{8EBC12BE-3AD8-406F-91FA-20C298D4D6B8}.Debug|x64.ActiveCfg = Debug|x64
		{8EBC12BE-3AD8-406F-91FA-20C298D4D6B8}.Debug|x64.Build.0 = Debug|x64
		{8EBC12BE-3AD8-406F-91FA-20C298D4D6B8}.Debug|x86.ActiveCfg = Debug|Win32
		{8EBC12BE-3AD8-406F-91FA-20C298D4D6B8}.Debug|x86.Build.0 = Debug|Win32
		{8EBC12BE-3AD8-406F-91FA-20C298D4D6B8}.Release|x64.ActiveCfg = Release|x64
		{8EBC12BE-3AD8-406F-91FA-20C298D4D6B8}.Release|x64.Build.0 = Release|x64
		{8EBC12BE-3AD8-406F-91FA-20C298D4D6B8}.Release|x86.ActiveCfg = Release|Win32
		{8EBC12BE-3AD8-406F-91FA-20C298D4D6B8}.Release|x86.Build.0 = Release|Win32
	EndGlobalSection
	GlobalSection(SolutionProperties) = preSolution
		HideSolutionNode = FALSE
	EndGlobalSection
	GlobalSection(ExtensibilityGlobals) = postSolution
		SolutionGuid = {E2CBB974-3129-4174-BDBB-9AA63141AA16}
	EndGlobalSection
EndGlobal
